
Microsoft Visual Studio Solution File, Format Version 12.00
# Visual Studio Version 16
VisualStudioVersion = 16.0.32126.315
MinimumVisualStudioVersion = 10.0.40219.1
Project("{FAE04EC0-301F-11D3-BF4B-00C04F79EFBC}") = "EnumsAndSwitch", "EnumsAndSwitch\EnumsAndSwitch.csproj", "{00A44F9B-1CDE-48A6-B935-E812374D801E}"
EndProject
Global
	GlobalSection(SolutionConfigurationPlatforms) = preSolution
		Debug|Any CPU = Debug|Any CPU
		Release|Any CPU = Release|Any CPU
	EndGlobalSection
	GlobalSection(ProjectConfigurationPlatforms) = postSolution
		{00A44F9B-1CDE-48A6-B935-E812374D801E}.Debug|Any CPU.ActiveCfg = Debug|Any CPU
		{00A44F9B-1CDE-48A6-B935-E812374D801E}.Debug|Any CPU.Build.0 = Debug|Any CPU
		{00A44F9B-1CDE-48A6-B935-E812374D801E}.Release|Any CPU.ActiveCfg = Release|Any CPU
		{00A44F9B-1CDE-48A6-B935-E812374D801E}.Release|Any CPU.Build.0 = Release|Any CPU
	EndGlobalSection
	GlobalSection(SolutionProperties) = preSolution
		HideSolutionNode = FALSE
	EndGlobalSection
	GlobalSection(ExtensibilityGlobals) = postSolution
		SolutionGuid = {A8CDE027-FADE-47D3-AEA5-898C0DF25D95}
	EndGlobalSection
EndGlobal
