
Microsoft Visual Studio Solution File, Format Version 12.00
# Visual Studio Version 16
VisualStudioVersion = 16.0.32126.315
MinimumVisualStudioVersion = 10.0.40219.1
Project("{FAE04EC0-301F-11D3-BF4B-00C04F79EFBC}") = "WorkingWithCollections", "WorkingWithCollections\WorkingWithCollections.csproj", "{C9C4BD54-9E94-4781-BFFE-48CF8F9A4899}"
EndProject
Global
	GlobalSection(SolutionConfigurationPlatforms) = preSolution
		Debug|Any CPU = Debug|Any CPU
		Release|Any CPU = Release|Any CPU
	EndGlobalSection
	GlobalSection(ProjectConfigurationPlatforms) = postSolution
		{C9C4BD54-9E94-4781-BFFE-48CF8F9A4899}.Debug|Any CPU.ActiveCfg = Debug|Any CPU
		{C9C4BD54-9E94-4781-BFFE-48CF8F9A4899}.Debug|Any CPU.Build.0 = Debug|Any CPU
		{C9C4BD54-9E94-4781-BFFE-48CF8F9A4899}.Release|Any CPU.ActiveCfg = Release|Any CPU
		{C9C4BD54-9E94-4781-BFFE-48CF8F9A4899}.Release|Any CPU.Build.0 = Release|Any CPU
	EndGlobalSection
	GlobalSection(SolutionProperties) = preSolution
		HideSolutionNode = FALSE
	EndGlobalSection
	GlobalSection(ExtensibilityGlobals) = postSolution
		SolutionGuid = {520A54C4-2AD2-42EC-BCCE-51280358C133}
	EndGlobalSection
EndGlobal
