
Microsoft Visual Studio Solution File, Format Version 12.00
# Visual Studio Version 16
VisualStudioVersion = 16.0.32106.194
MinimumVisualStudioVersion = 10.0.40219.1
Project("{FAE04EC0-301F-11D3-BF4B-00C04F79EFBC}") = "HelloWorld", "HelloWorld\HelloWorld.csproj", "{C213F0CD-B5F6-423C-AECD-F0ECB4EEBD15}"
EndProject
Global
	GlobalSection(SolutionConfigurationPlatforms) = preSolution
		Debug|Any CPU = Debug|Any CPU
		Release|Any CPU = Release|Any CPU
	EndGlobalSection
	GlobalSection(ProjectConfigurationPlatforms) = postSolution
		{C213F0CD-B5F6-423C-AECD-F0ECB4EEBD15}.Debug|Any CPU.ActiveCfg = Debug|Any CPU
		{C213F0CD-B5F6-423C-AECD-F0ECB4EEBD15}.Debug|Any CPU.Build.0 = Debug|Any CPU
		{C213F0CD-B5F6-423C-AECD-F0ECB4EEBD15}.Release|Any CPU.ActiveCfg = Release|Any CPU
		{C213F0CD-B5F6-423C-AECD-F0ECB4EEBD15}.Release|Any CPU.Build.0 = Release|Any CPU
	EndGlobalSection
	GlobalSection(SolutionProperties) = preSolution
		HideSolutionNode = FALSE
	EndGlobalSection
	GlobalSection(ExtensibilityGlobals) = postSolution
		SolutionGuid = {0291E7F2-76B2-4909-B61B-7284D6530CB7}
	EndGlobalSection
EndGlobal
