
Microsoft Visual Studio Solution File, Format Version 12.00
# Visual Studio Version 16
VisualStudioVersion = 16.0.32106.194
MinimumVisualStudioVersion = 10.0.40219.1
Project("{FAE04EC0-301F-11D3-BF4B-00C04F79EFBC}") = "WorkingWithStrings", "WorkingWithStrings\WorkingWithStrings.csproj", "{233D4A34-67BA-4B34-B714-816FA0932A96}"
EndProject
Global
	GlobalSection(SolutionConfigurationPlatforms) = preSolution
		Debug|Any CPU = Debug|Any CPU
		Release|Any CPU = Release|Any CPU
	EndGlobalSection
	GlobalSection(ProjectConfigurationPlatforms) = postSolution
		{233D4A34-67BA-4B34-B714-816FA0932A96}.Debug|Any CPU.ActiveCfg = Debug|Any CPU
		{233D4A34-67BA-4B34-B714-816FA0932A96}.Debug|Any CPU.Build.0 = Debug|Any CPU
		{233D4A34-67BA-4B34-B714-816FA0932A96}.Release|Any CPU.ActiveCfg = Release|Any CPU
		{233D4A34-67BA-4B34-B714-816FA0932A96}.Release|Any CPU.Build.0 = Release|Any CPU
	EndGlobalSection
	GlobalSection(SolutionProperties) = preSolution
		HideSolutionNode = FALSE
	EndGlobalSection
	GlobalSection(ExtensibilityGlobals) = postSolution
		SolutionGuid = {2A45BC7F-978B-4D1C-BC81-22C880B41032}
	EndGlobalSection
EndGlobal
